
Microsoft Visual Studio Solution File, Format Version 12.00
# Visual Studio Version 16
VisualStudioVersion = 16.0.30621.155
MinimumVisualStudioVersion = 10.0.40219.1
Project("{FAE04EC0-301F-11D3-BF4B-00C04F79EFBC}") = "VGeometry", "VGeometry\VGeometry.csproj", "{F98421E0-6EC0-430A-99D0-A4B835C64769}"
EndProject
Global
	GlobalSection(SolutionConfigurationPlatforms) = preSolution
		Debug|Any CPU = Debug|Any CPU
		Release|Any CPU = Release|Any CPU
	EndGlobalSection
	GlobalSection(ProjectConfigurationPlatforms) = postSolution
		{F98421E0-6EC0-430A-99D0-A4B835C64769}.Debug|Any CPU.ActiveCfg = Debug|Any CPU
		{F98421E0-6EC0-430A-99D0-A4B835C64769}.Debug|Any CPU.Build.0 = Debug|Any CPU
		{F98421E0-6EC0-430A-99D0-A4B835C64769}.Release|Any CPU.ActiveCfg = Release|Any CPU
		{F98421E0-6EC0-430A-99D0-A4B835C64769}.Release|Any CPU.Build.0 = Release|Any CPU
	EndGlobalSection
	GlobalSection(SolutionProperties) = preSolution
		HideSolutionNode = FALSE
	EndGlobalSection
	GlobalSection(ExtensibilityGlobals) = postSolution
		SolutionGuid = {E0134D39-1EFC-4274-B98C-2A60538B2D92}
	EndGlobalSection
EndGlobal
